
Microsoft Visual Studio Solution File, Format Version 12.00
# Visual Studio Version 17
VisualStudioVersion = 17.5.002.0
MinimumVisualStudioVersion = 10.0.40219.1
Project("{9A19103F-16F7-4668-BE54-9A1E7A4F7556}") = "תשתית לניהול חנות פיצה-חני גולדברג", "תשתית לניהול חנות פיצה-חני גולדברג.csproj", "{EA394E11-D8F4-4BA0-9844-A71A859C55C8}"
EndProject
Global
	GlobalSection(SolutionConfigurationPlatforms) = preSolution
		Debug|Any CPU = Debug|Any CPU
		Release|Any CPU = Release|Any CPU
	EndGlobalSection
	GlobalSection(ProjectConfigurationPlatforms) = postSolution
		{EA394E11-D8F4-4BA0-9844-A71A859C55C8}.Debug|Any CPU.ActiveCfg = Debug|Any CPU
		{EA394E11-D8F4-4BA0-9844-A71A859C55C8}.Debug|Any CPU.Build.0 = Debug|Any CPU
		{EA394E11-D8F4-4BA0-9844-A71A859C55C8}.Release|Any CPU.ActiveCfg = Release|Any CPU
		{EA394E11-D8F4-4BA0-9844-A71A859C55C8}.Release|Any CPU.Build.0 = Release|Any CPU
	EndGlobalSection
	GlobalSection(SolutionProperties) = preSolution
		HideSolutionNode = FALSE
	EndGlobalSection
	GlobalSection(ExtensibilityGlobals) = postSolution
		SolutionGuid = {800B7F81-4E67-458B-95BC-A0B3EE92765B}
	EndGlobalSection
EndGlobal
